
Microsoft Visual Studio Solution File, Format Version 12.00
# Visual Studio 15
VisualStudioVersion = 15.0.28307.136
MinimumVisualStudioVersion = 10.0.40219.1
Project("{FAE04EC0-301F-11D3-BF4B-00C04F79EFBC}") = "hackerrank", "hackerrank\hackerrank.csproj", "{24780739-C235-4E72-85F8-6AB3B22B9407}"
EndProject
Global
	GlobalSection(SolutionConfigurationPlatforms) = preSolution
		Debug|Any CPU = Debug|Any CPU
		Release|Any CPU = Release|Any CPU
	EndGlobalSection
	GlobalSection(ProjectConfigurationPlatforms) = postSolution
		{24780739-C235-4E72-85F8-6AB3B22B9407}.Debug|Any CPU.ActiveCfg = Debug|Any CPU
		{24780739-C235-4E72-85F8-6AB3B22B9407}.Debug|Any CPU.Build.0 = Debug|Any CPU
		{24780739-C235-4E72-85F8-6AB3B22B9407}.Release|Any CPU.ActiveCfg = Release|Any CPU
		{24780739-C235-4E72-85F8-6AB3B22B9407}.Release|Any CPU.Build.0 = Release|Any CPU
	EndGlobalSection
	GlobalSection(SolutionProperties) = preSolution
		HideSolutionNode = FALSE
	EndGlobalSection
	GlobalSection(ExtensibilityGlobals) = postSolution
		SolutionGuid = {832BEEA7-41B2-4C79-8984-D4B470C55B34}
	EndGlobalSection
EndGlobal
